
Microsoft Visual Studio Solution File, Format Version 12.00
# Visual Studio Version 17
VisualStudioVersion = 17.8.34511.84
MinimumVisualStudioVersion = 10.0.40219.1
Project("{9A19103F-16F7-4668-BE54-9A1E7A4F7556}") = "exadz", "exadz.csproj", "{B860D2BB-8FA5-4252-91A5-4ACB30A03741}"
EndProject
Global
	GlobalSection(SolutionConfigurationPlatforms) = preSolution
		Debug|Any CPU = Debug|Any CPU
		Release|Any CPU = Release|Any CPU
	EndGlobalSection
	GlobalSection(ProjectConfigurationPlatforms) = postSolution
		{B860D2BB-8FA5-4252-91A5-4ACB30A03741}.Debug|Any CPU.ActiveCfg = Debug|Any CPU
		{B860D2BB-8FA5-4252-91A5-4ACB30A03741}.Debug|Any CPU.Build.0 = Debug|Any CPU
		{B860D2BB-8FA5-4252-91A5-4ACB30A03741}.Release|Any CPU.ActiveCfg = Release|Any CPU
		{B860D2BB-8FA5-4252-91A5-4ACB30A03741}.Release|Any CPU.Build.0 = Release|Any CPU
	EndGlobalSection
	GlobalSection(SolutionProperties) = preSolution
		HideSolutionNode = FALSE
	EndGlobalSection
	GlobalSection(ExtensibilityGlobals) = postSolution
		SolutionGuid = {5C1C2B45-F0D5-4824-AB1B-81B83D8BBD52}
	EndGlobalSection
EndGlobal
